
Microsoft Visual Studio Solution File, Format Version 12.00
# Visual Studio Version 17
VisualStudioVersion = 17.4.33213.308
MinimumVisualStudioVersion = 10.0.40219.1
Project("{FAE04EC0-301F-11D3-BF4B-00C04F79EFBC}") = "OktaPartialUpdateBug", "OktaPartialUpdateBug\OktaPartialUpdateBug.csproj", "{97FB3831-A606-4879-8D54-9B1BD0210938}"
EndProject
Global
	GlobalSection(SolutionConfigurationPlatforms) = preSolution
		Debug|Any CPU = Debug|Any CPU
		Release|Any CPU = Release|Any CPU
	EndGlobalSection
	GlobalSection(ProjectConfigurationPlatforms) = postSolution
		{97FB3831-A606-4879-8D54-9B1BD0210938}.Debug|Any CPU.ActiveCfg = Debug|Any CPU
		{97FB3831-A606-4879-8D54-9B1BD0210938}.Debug|Any CPU.Build.0 = Debug|Any CPU
		{97FB3831-A606-4879-8D54-9B1BD0210938}.Release|Any CPU.ActiveCfg = Release|Any CPU
		{97FB3831-A606-4879-8D54-9B1BD0210938}.Release|Any CPU.Build.0 = Release|Any CPU
	EndGlobalSection
	GlobalSection(SolutionProperties) = preSolution
		HideSolutionNode = FALSE
	EndGlobalSection
	GlobalSection(ExtensibilityGlobals) = postSolution
		SolutionGuid = {D1A1AA10-8B6A-436A-925D-5EAEE7A78A9E}
	EndGlobalSection
EndGlobal
